
Microsoft Visual Studio Solution File, Format Version 12.00
# Visual Studio Version 17
VisualStudioVersion = 17.7.34009.444
MinimumVisualStudioVersion = 10.0.40219.1
Project("{8BC9CEB8-8B4A-11D0-8D11-00A0C91BC942}") = "AssemblyTest", "AssemblyTest\AssemblyTest.vcxproj", "{B5C3F823-9AEB-412C-8B31-16ADB43AAFA6}"
EndProject
Global
	GlobalSection(SolutionConfigurationPlatforms) = preSolution
		Debug|x64 = Debug|x64
		Debug|x86 = Debug|x86
		Release|x64 = Release|x64
		Release|x86 = Release|x86
	EndGlobalSection
	GlobalSection(ProjectConfigurationPlatforms) = postSolution
		{B5C3F823-9AEB-412C-8B31-16ADB43AAFA6}.Debug|x64.ActiveCfg = Debug|x64
		{B5C3F823-9AEB-412C-8B31-16ADB43AAFA6}.Debug|x64.Build.0 = Debug|x64
		{B5C3F823-9AEB-412C-8B31-16ADB43AAFA6}.Debug|x86.ActiveCfg = Debug|Win32
		{B5C3F823-9AEB-412C-8B31-16ADB43AAFA6}.Debug|x86.Build.0 = Debug|Win32
		{B5C3F823-9AEB-412C-8B31-16ADB43AAFA6}.Release|x64.ActiveCfg = Release|x64
		{B5C3F823-9AEB-412C-8B31-16ADB43AAFA6}.Release|x64.Build.0 = Release|x64
		{B5C3F823-9AEB-412C-8B31-16ADB43AAFA6}.Release|x86.ActiveCfg = Release|Win32
		{B5C3F823-9AEB-412C-8B31-16ADB43AAFA6}.Release|x86.Build.0 = Release|Win32
	EndGlobalSection
	GlobalSection(SolutionProperties) = preSolution
		HideSolutionNode = FALSE
	EndGlobalSection
	GlobalSection(ExtensibilityGlobals) = postSolution
		SolutionGuid = {5A66B5D8-EDA6-40FB-9FF5-6DB03264E528}
	EndGlobalSection
EndGlobal
